
Microsoft Visual Studio Solution File, Format Version 12.00
# Visual Studio Version 17
VisualStudioVersion = 17.0.31903.59
MinimumVisualStudioVersion = 10.0.40219.1
Project("{FAE04EC0-301F-11D3-BF4B-00C04F79EFBC}") = "FoodOrderingApp", "src\FoodOrderingApp.csproj", "{B7C343F6-B22E-45A6-9958-5E8523D4E756}"
EndProject
Global
	GlobalSection(SolutionConfigurationPlatforms) = preSolution
		Debug|Any CPU = Debug|Any CPU
		Release|Any CPU = Release|Any CPU
	EndGlobalSection
	GlobalSection(SolutionProperties) = preSolution
		HideSolutionNode = FALSE
	EndGlobalSection
	GlobalSection(ProjectConfigurationPlatforms) = postSolution
		{B7C343F6-B22E-45A6-9958-5E8523D4E756}.Debug|Any CPU.ActiveCfg = Debug|Any CPU
		{B7C343F6-B22E-45A6-9958-5E8523D4E756}.Debug|Any CPU.Build.0 = Debug|Any CPU
		{B7C343F6-B22E-45A6-9958-5E8523D4E756}.Release|Any CPU.ActiveCfg = Release|Any CPU
		{B7C343F6-B22E-45A6-9958-5E8523D4E756}.Release|Any CPU.Build.0 = Release|Any CPU
	EndGlobalSection
EndGlobal
